schema: '2.0'
stages:
  get_data:
    cmd: python src/get_data.py
    deps:
    - path: src/get_data.py
      md5: b0d4028aee353b79137516d3275125f0
      size: 556
    outs:
    - path: health_data
      md5: b8bb7fdc4bdc17d51de78a2d01a67227.dir
      size: 7747253
      nfiles: 3
  process_data:
    cmd: python src/process_data.py
    deps:
    - path: health_data/diabetes_data.csv
      md5: 9a9161518e3622deaa5655b42a2a197b
      size: 5287141
    - path: src/process_data.py
      md5: d345803603db975791616971274ae166
      size: 449
    outs:
    - path: Processed_data.csv
      md5: bec80b6142f1c2df04c60b9ab3f75c2d
      size: 4368119
  train:
    cmd: python src/train.py
    deps:
    - path: Processed_data.csv
      md5: bec80b6142f1c2df04c60b9ab3f75c2d
      size: 4368119
    - path: src/train.py
      md5: f6bd971b43cfc84ca954afbca27ecec8
      size: 1597
    outs:
    - path: confusion_matrix.png
      md5: 276d198b3a70e38a67e3925b718374eb
      size: 18707
    - path: metrics.json
      md5: 3326503939cb9e84049f28d2d8a1cb21
      size: 102
